
Microsoft Visual Studio Solution File, Format Version 12.00
# Visual Studio Version 17
VisualStudioVersion = 17.14.36119.2 d17.14
MinimumVisualStudioVersion = 10.0.40219.1
Project("{FAE04EC0-301F-11D3-BF4B-00C04F79EFBC}") = "Сроковый товар", "Сроковый товар\Сроковый товар.csproj", "{308F1F31-2C6A-4B83-AFBE-E7388056A024}"
EndProject
Global
	GlobalSection(SolutionConfigurationPlatforms) = preSolution
		Debug|Any CPU = Debug|Any CPU
		Release|Any CPU = Release|Any CPU
	EndGlobalSection
	GlobalSection(ProjectConfigurationPlatforms) = postSolution
		{308F1F31-2C6A-4B83-AFBE-E7388056A024}.Debug|Any CPU.ActiveCfg = Debug|Any CPU
		{308F1F31-2C6A-4B83-AFBE-E7388056A024}.Debug|Any CPU.Build.0 = Debug|Any CPU
		{308F1F31-2C6A-4B83-AFBE-E7388056A024}.Release|Any CPU.ActiveCfg = Release|Any CPU
		{308F1F31-2C6A-4B83-AFBE-E7388056A024}.Release|Any CPU.Build.0 = Release|Any CPU
	EndGlobalSection
	GlobalSection(SolutionProperties) = preSolution
		HideSolutionNode = FALSE
	EndGlobalSection
	GlobalSection(ExtensibilityGlobals) = postSolution
		SolutionGuid = {044C64AD-F31A-4C4A-91F3-374C9261638C}
	EndGlobalSection
EndGlobal
